
Microsoft Visual Studio Solution File, Format Version 12.00
# Visual Studio 14
VisualStudioVersion = 14.0.25420.1
MinimumVisualStudioVersion = 10.0.40219.1
Project("{FAE04EC0-301F-11D3-BF4B-00C04F79EFBC}") = "VendorManagementSystem", "VendorManagementSystem\VendorManagementSystem.csproj", "{58B0EB4C-0E99-4F4D-9DEB-1E7CD0C4F3C7}"
EndProject
Project("{FAE04EC0-301F-11D3-BF4B-00C04F79EFBC}") = "VendorManagementSystem.Tests", "VendorManagementSystem.Tests\VendorManagementSystem.Tests.csproj", "{8241482F-1A90-44C8-B812-AE9874F7A78E}"
EndProject
Global
	GlobalSection(SolutionConfigurationPlatforms) = preSolution
		Debug|Any CPU = Debug|Any CPU
		Release|Any CPU = Release|Any CPU
	EndGlobalSection
	GlobalSection(ProjectConfigurationPlatforms) = postSolution
		{58B0EB4C-0E99-4F4D-9DEB-1E7CD0C4F3C7}.Debug|Any CPU.ActiveCfg = Debug|Any CPU
		{58B0EB4C-0E99-4F4D-9DEB-1E7CD0C4F3C7}.Debug|Any CPU.Build.0 = Debug|Any CPU
		{58B0EB4C-0E99-4F4D-9DEB-1E7CD0C4F3C7}.Release|Any CPU.ActiveCfg = Release|Any CPU
		{58B0EB4C-0E99-4F4D-9DEB-1E7CD0C4F3C7}.Release|Any CPU.Build.0 = Release|Any CPU
		{8241482F-1A90-44C8-B812-AE9874F7A78E}.Debug|Any CPU.ActiveCfg = Debug|Any CPU
		{8241482F-1A90-44C8-B812-AE9874F7A78E}.Debug|Any CPU.Build.0 = Debug|Any CPU
		{8241482F-1A90-44C8-B812-AE9874F7A78E}.Release|Any CPU.ActiveCfg = Release|Any CPU
		{8241482F-1A90-44C8-B812-AE9874F7A78E}.Release|Any CPU.Build.0 = Release|Any CPU
	EndGlobalSection
	GlobalSection(SolutionProperties) = preSolution
		HideSolutionNode = FALSE
	EndGlobalSection
EndGlobal
